
Microsoft Visual Studio Solution File, Format Version 12.00
# Visual Studio Version 17
VisualStudioVersion = 17.3.32811.315
MinimumVisualStudioVersion = 10.0.40219.1
Project("{FAE04EC0-301F-11D3-BF4B-00C04F79EFBC}") = "UE.CP.DentalCenter.API", "UE.CP.DentalCenter.API\UE.CP.DentalCenter.API.csproj", "{7902FFE0-D83C-4EB4-8BFD-90B7A488E2F0}"
EndProject
Project("{FAE04EC0-301F-11D3-BF4B-00C04F79EFBC}") = "UE.CP.DentalCenter.DOMAIN", "UE.CP.DentalCenter.DOMAIN\UE.CP.DentalCenter.DOMAIN.csproj", "{36030562-CEF5-4662-B764-BB51882B6F44}"
EndProject
Project("{00D1A9C2-B5F0-4AF3-8072-F6C62B433612}") = "UE.CP.DentalCenter.Database", "UE.CP.DentalCenter.Database\UE.CP.DentalCenter.Database.sqlproj", "{95E38E9F-2E16-4430-B4D9-AE328459B0BB}"
EndProject
Global
	GlobalSection(SolutionConfigurationPlatforms) = preSolution
		Debug|Any CPU = Debug|Any CPU
		Release|Any CPU = Release|Any CPU
	EndGlobalSection
	GlobalSection(ProjectConfigurationPlatforms) = postSolution
		{7902FFE0-D83C-4EB4-8BFD-90B7A488E2F0}.Debug|Any CPU.ActiveCfg = Debug|Any CPU
		{7902FFE0-D83C-4EB4-8BFD-90B7A488E2F0}.Debug|Any CPU.Build.0 = Debug|Any CPU
		{7902FFE0-D83C-4EB4-8BFD-90B7A488E2F0}.Release|Any CPU.ActiveCfg = Release|Any CPU
		{7902FFE0-D83C-4EB4-8BFD-90B7A488E2F0}.Release|Any CPU.Build.0 = Release|Any CPU
		{36030562-CEF5-4662-B764-BB51882B6F44}.Debug|Any CPU.ActiveCfg = Debug|Any CPU
		{36030562-CEF5-4662-B764-BB51882B6F44}.Debug|Any CPU.Build.0 = Debug|Any CPU
		{36030562-CEF5-4662-B764-BB51882B6F44}.Release|Any CPU.ActiveCfg = Release|Any CPU
		{36030562-CEF5-4662-B764-BB51882B6F44}.Release|Any CPU.Build.0 = Release|Any CPU
		{95E38E9F-2E16-4430-B4D9-AE328459B0BB}.Debug|Any CPU.ActiveCfg = Debug|Any CPU
		{95E38E9F-2E16-4430-B4D9-AE328459B0BB}.Debug|Any CPU.Build.0 = Debug|Any CPU
		{95E38E9F-2E16-4430-B4D9-AE328459B0BB}.Debug|Any CPU.Deploy.0 = Debug|Any CPU
		{95E38E9F-2E16-4430-B4D9-AE328459B0BB}.Release|Any CPU.ActiveCfg = Release|Any CPU
		{95E38E9F-2E16-4430-B4D9-AE328459B0BB}.Release|Any CPU.Build.0 = Release|Any CPU
		{95E38E9F-2E16-4430-B4D9-AE328459B0BB}.Release|Any CPU.Deploy.0 = Release|Any CPU
	EndGlobalSection
	GlobalSection(SolutionProperties) = preSolution
		HideSolutionNode = FALSE
	EndGlobalSection
	GlobalSection(ExtensibilityGlobals) = postSolution
		SolutionGuid = {241931C9-1FAB-4852-87DC-E644093DF799}
	EndGlobalSection
EndGlobal
